
Microsoft Visual Studio Solution File, Format Version 12.00
# Visual Studio Version 17
VisualStudioVersion = 17.1.32210.238
MinimumVisualStudioVersion = 10.0.40219.1
Project("{FAE04EC0-301F-11D3-BF4B-00C04F79EFBC}") = "TugassPABD", "TugassPABD\TugassPABD.csproj", "{CED6738B-BFBC-432C-B70F-4B8A4DA1D2E5}"
EndProject
Global
	GlobalSection(SolutionConfigurationPlatforms) = preSolution
		Debug|Any CPU = Debug|Any CPU
		Release|Any CPU = Release|Any CPU
	EndGlobalSection
	GlobalSection(ProjectConfigurationPlatforms) = postSolution
		{CED6738B-BFBC-432C-B70F-4B8A4DA1D2E5}.Debug|Any CPU.ActiveCfg = Debug|Any CPU
		{CED6738B-BFBC-432C-B70F-4B8A4DA1D2E5}.Debug|Any CPU.Build.0 = Debug|Any CPU
		{CED6738B-BFBC-432C-B70F-4B8A4DA1D2E5}.Release|Any CPU.ActiveCfg = Release|Any CPU
		{CED6738B-BFBC-432C-B70F-4B8A4DA1D2E5}.Release|Any CPU.Build.0 = Release|Any CPU
	EndGlobalSection
	GlobalSection(SolutionProperties) = preSolution
		HideSolutionNode = FALSE
	EndGlobalSection
	GlobalSection(ExtensibilityGlobals) = postSolution
		SolutionGuid = {A1B8271E-6184-4203-9E1E-DED8368172C4}
	EndGlobalSection
EndGlobal
